lockfileVersion: '9.0'

settings:
  autoInstallPeers: true
  excludeLinksFromLockfile: false

importers:

  .:
    devDependencies:
      '@biomejs/biome':
        specifier: 2.4.10
        version: 2.4.10
      turbo:
        specifier: ^2.9.4
        version: 2.9.4

  config/typescript-config: {}

  packages/env:
    dependencies:
      '@t3-oss/env-nextjs':
        specifier: ^0.13.11
        version: 0.13.11(zod@4.3.6)
      zod:
        specifier: ^4.3.6
        version: 4.3.6
    devDependencies:
      '@controlizze/tsconfig':
        specifier: workspace:*
        version: link:../../config/typescript-config
      '@types/node':
        specifier: ^25.5.2
        version: 25.5.2

  packages/rbac:
    dependencies:
      '@casl/ability':
        specifier: ^6.8.0
        version: 6.8.0
      zod:
        specifier: ^4.3.6
        version: 4.3.6
    devDependencies:
      '@controlizze/tsconfig':
        specifier: workspace:*
        version: link:../../config/typescript-config
      '@types/node':
        specifier: ^25.5.2
        version: 25.5.2

packages:

  '@biomejs/biome@2.4.10':
    resolution: {integrity: sha512-xxA3AphFQ1geij4JTHXv4EeSTda1IFn22ye9LdyVPoJU19fNVl0uzfEuhsfQ4Yue/0FaLs2/ccVi4UDiE7R30w==}
    engines: {node: '>=14.21.3'}
    hasBin: true

  '@biomejs/cli-darwin-arm64@2.4.10':
    resolution: {integrity: sha512-vuzzI1cWqDVzOMIkYyHbKqp+AkQq4K7k+UCXWpkYcY/HDn1UxdsbsfgtVpa40shem8Kax4TLDLlx8kMAecgqiw==}
    engines: {node: '>=14.21.3'}
    cpu: [arm64]
    os: [darwin]

  '@biomejs/cli-darwin-x64@2.4.10':
    resolution: {integrity: sha512-14fzASRo+BPotwp7nWULy2W5xeUyFnTaq1V13Etrrxkrih+ez/2QfgFm5Ehtf5vSjtgx/IJycMMpn5kPd5ZNaA==}
    engines: {node: '>=14.21.3'}
    cpu: [x64]
    os: [darwin]

  '@biomejs/cli-linux-arm64-musl@2.4.10':
    resolution: {integrity: sha512-WrJY6UuiSD/Dh+nwK2qOTu8kdMDlLV3dLMmychIghHPAysWFq1/DGC1pVZx8POE3ZkzKR3PUUnVrtZfMfaJjyQ==}
    engines: {node: '>=14.21.3'}
    cpu: [arm64]
    os: [linux]

  '@biomejs/cli-linux-arm64@2.4.10':
    resolution: {integrity: sha512-7MH1CMW5uuxQ/s7FLST63qF8B3Hgu2HRdZ7tA1X1+mk+St4JOuIrqdhIBnnyqeyWJNI+Bww7Es5QZ0wIc1Cmkw==}
    engines: {node: '>=14.21.3'}
    cpu: [arm64]
    os: [linux]

  '@biomejs/cli-linux-x64-musl@2.4.10':
    resolution: {integrity: sha512-kDTi3pI6PBN6CiczsWYOyP2zk0IJI08EWEQyDMQWW221rPaaEz6FvjLhnU07KMzLv8q3qSuoB93ua6inSQ55Tw==}
    engines: {node: '>=14.21.3'}
    cpu: [x64]
    os: [linux]

  '@biomejs/cli-linux-x64@2.4.10':
    resolution: {integrity: sha512-tZLvEEi2u9Xu1zAqRjTcpIDGVtldigVvzug2fTuPG0ME/g8/mXpRPcNgLB22bGn6FvLJpHHnqLnwliOu8xjYrg==}
    engines: {node: '>=14.21.3'}
    cpu: [x64]
    os: [linux]

  '@biomejs/cli-win32-arm64@2.4.10':
    resolution: {integrity: sha512-umwQU6qPzH+ISTf/eHyJ/QoQnJs3V9Vpjz2OjZXe9MVBZ7prgGafMy7yYeRGnlmDAn87AKTF3Q6weLoMGpeqdQ==}
    engines: {node: '>=14.21.3'}
    cpu: [arm64]
    os: [win32]

  '@biomejs/cli-win32-x64@2.4.10':
    resolution: {integrity: sha512-aW/JU5GuyH4uxMrNYpoC2kjaHlyJGLgIa3XkhPEZI0uKhZhJZU8BuEyJmvgzSPQNGozBwWjC972RaNdcJ9KyJg==}
    engines: {node: '>=14.21.3'}
    cpu: [x64]
    os: [win32]

  '@casl/ability@6.8.0':
    resolution: {integrity: sha512-Ipt4mzI4gSgnomFdaPjaLgY2MWuXqAEZLrU6qqWBB7khGiBBuuEp6ytYDnq09bRXqcjaeeHiaCvCGFbBA2SpvA==}

  '@t3-oss/env-core@0.13.11':
    resolution: {integrity: sha512-sM7GYY+KL7H/Hl0BE0inWfk3nRHZOLhmVn7sHGxaZt9FAR6KqREXAE+6TqKfiavfXmpRxO/OZ2QgKRd+oiBYRQ==}
    peerDependencies:
      arktype: ^2.1.0
      typescript: '>=5.0.0'
      valibot: ^1.0.0-beta.7 || ^1.0.0
      zod: ^3.24.0 || ^4.0.0
    peerDependenciesMeta:
      arktype:
        optional: true
      typescript:
        optional: true
      valibot:
        optional: true
      zod:
        optional: true

  '@t3-oss/env-nextjs@0.13.11':
    resolution: {integrity: sha512-NC+3j7YWgpzdFu1t5y/8wqibTK0lm5RS4bjXA1n8uwik3wIR4iZM4Fa+U2BaMa5k3Qk8RZiYhoAIX0WogmGkzg==}
    peerDependencies:
      arktype: ^2.1.0
      typescript: '>=5.0.0'
      valibot: ^1.0.0-beta.7 || ^1.0.0
      zod: ^3.24.0 || ^4.0.0
    peerDependenciesMeta:
      arktype:
        optional: true
      typescript:
        optional: true
      valibot:
        optional: true
      zod:
        optional: true

  '@turbo/darwin-64@2.9.4':
    resolution: {integrity: sha512-ZSlPqJ5Vqg/wgVw8P3AOVCIosnbBilOxLq7TMz3MN/9U46DUYfdG2jtfevNDufyxyrg98pcPs/GBgDRaaids6g==}
    cpu: [x64]
    os: [darwin]

  '@turbo/darwin-arm64@2.9.4':
    resolution: {integrity: sha512-9cjTWe4OiNlFMSRggPNh+TJlRs7MS5FWrHc96MOzft5vESWjjpvaadYPv5ykDW7b45mVHOF2U/W+48LoX9USWw==}
    cpu: [arm64]
    os: [darwin]

  '@turbo/linux-64@2.9.4':
    resolution: {integrity: sha512-Cl1GjxqBXQ+r9KKowmXG+lhD1gclLp48/SE7NxL//66iaMytRw0uiphWGOkccD92iPiRjHLRUaA9lOTtgr5OCA==}
    cpu: [x64]
    os: [linux]

  '@turbo/linux-arm64@2.9.4':
    resolution: {integrity: sha512-j2hPAKVmGNN2EsKigEWD+43y9m7zaPhNAs6ptsyfq0u7evHHBAXAwOfv86OEMg/gvC+pwGip0i1CIm1bR1vYug==}
    cpu: [arm64]
    os: [linux]

  '@turbo/windows-64@2.9.4':
    resolution: {integrity: sha512-1jWPjCe9ZRmsDTXE7uzqfySNQspnUx0g6caqvwps+k/sc+fm9hC/4zRQKlXZLbVmP3Xxp601Ju71boegHdnYGw==}
    cpu: [x64]
    os: [win32]

  '@turbo/windows-arm64@2.9.4':
    resolution: {integrity: sha512-dlko15TQVu/BFYmIY018Y3covWMRQlUgAkD+OOk+Rokcfj6VY02Vv4mCfT/Zns6B4q8jGbOd6IZhnCFYsE8Viw==}
    cpu: [arm64]
    os: [win32]

  '@types/node@25.5.2':
    resolution: {integrity: sha512-tO4ZIRKNC+MDWV4qKVZe3Ql/woTnmHDr5JD8UI5hn2pwBrHEwOEMZK7WlNb5RKB6EoJ02gwmQS9OrjuFnZYdpg==}

  '@ucast/core@1.10.2':
    resolution: {integrity: sha512-ons5CwXZ/51wrUPfoduC+cO7AS1/wRb0ybpQJ9RrssossDxVy4t49QxWoWgfBDvVKsz9VXzBk9z0wqTdZ+Cq8g==}

  '@ucast/js@3.1.0':
    resolution: {integrity: sha512-eJ7yQeYtMK85UZjxoxBEbTWx6UMxEXKbjVyp+NlzrT5oMKV5Gpo/9bjTl3r7msaXTVC8iD9NJacqJ8yp7joX+Q==}

  '@ucast/mongo2js@1.4.1':
    resolution: {integrity: sha512-9aeg5cmqwRQnKCXHN6I17wk83Rcm487bHelaG8T4vfpWneAI469wSI3Srnbu+PuZ5znWRbnwtVq9RgPL+bN6CA==}

  '@ucast/mongo@2.4.3':
    resolution: {integrity: sha512-XcI8LclrHWP83H+7H2anGCEeDq0n+12FU2mXCTz6/Tva9/9ddK/iacvvhCyW6cijAAOILmt0tWplRyRhVyZLsA==}

  turbo@2.9.4:
    resolution: {integrity: sha512-wZ/kMcZCuK5oEp7sXSSo/5fzKjP9I2EhoiarZjyCm2Ixk0WxFrC/h0gF3686eHHINoFQOOSWgB/pGfvkR8rkgQ==}
    hasBin: true

  undici-types@7.18.2:
    resolution: {integrity: sha512-AsuCzffGHJybSaRrmr5eHr81mwJU3kjw6M+uprWvCXiNeN9SOGwQ3Jn8jb8m3Z6izVgknn1R0FTCEAP2QrLY/w==}

  zod@4.3.6:
    resolution: {integrity: sha512-rftlrkhHZOcjDwkGlnUtZZkvaPHCsDATp4pGpuOOMDaTdDDXF91wuVDJoWoPsKX/3YPQ5fHuF3STjcYyKr+Qhg==}

snapshots:

  '@biomejs/biome@2.4.10':
    optionalDependencies:
      '@biomejs/cli-darwin-arm64': 2.4.10
      '@biomejs/cli-darwin-x64': 2.4.10
      '@biomejs/cli-linux-arm64': 2.4.10
      '@biomejs/cli-linux-arm64-musl': 2.4.10
      '@biomejs/cli-linux-x64': 2.4.10
      '@biomejs/cli-linux-x64-musl': 2.4.10
      '@biomejs/cli-win32-arm64': 2.4.10
      '@biomejs/cli-win32-x64': 2.4.10

  '@biomejs/cli-darwin-arm64@2.4.10':
    optional: true

  '@biomejs/cli-darwin-x64@2.4.10':
    optional: true

  '@biomejs/cli-linux-arm64-musl@2.4.10':
    optional: true

  '@biomejs/cli-linux-arm64@2.4.10':
    optional: true

  '@biomejs/cli-linux-x64-musl@2.4.10':
    optional: true

  '@biomejs/cli-linux-x64@2.4.10':
    optional: true

  '@biomejs/cli-win32-arm64@2.4.10':
    optional: true

  '@biomejs/cli-win32-x64@2.4.10':
    optional: true

  '@casl/ability@6.8.0':
    dependencies:
      '@ucast/mongo2js': 1.4.1

  '@t3-oss/env-core@0.13.11(zod@4.3.6)':
    optionalDependencies:
      zod: 4.3.6

  '@t3-oss/env-nextjs@0.13.11(zod@4.3.6)':
    dependencies:
      '@t3-oss/env-core': 0.13.11(zod@4.3.6)
    optionalDependencies:
      zod: 4.3.6

  '@turbo/darwin-64@2.9.4':
    optional: true

  '@turbo/darwin-arm64@2.9.4':
    optional: true

  '@turbo/linux-64@2.9.4':
    optional: true

  '@turbo/linux-arm64@2.9.4':
    optional: true

  '@turbo/windows-64@2.9.4':
    optional: true

  '@turbo/windows-arm64@2.9.4':
    optional: true

  '@types/node@25.5.2':
    dependencies:
      undici-types: 7.18.2

  '@ucast/core@1.10.2': {}

  '@ucast/js@3.1.0':
    dependencies:
      '@ucast/core': 1.10.2

  '@ucast/mongo2js@1.4.1':
    dependencies:
      '@ucast/core': 1.10.2
      '@ucast/js': 3.1.0
      '@ucast/mongo': 2.4.3

  '@ucast/mongo@2.4.3':
    dependencies:
      '@ucast/core': 1.10.2

  turbo@2.9.4:
    optionalDependencies:
      '@turbo/darwin-64': 2.9.4
      '@turbo/darwin-arm64': 2.9.4
      '@turbo/linux-64': 2.9.4
      '@turbo/linux-arm64': 2.9.4
      '@turbo/windows-64': 2.9.4
      '@turbo/windows-arm64': 2.9.4

  undici-types@7.18.2: {}

  zod@4.3.6: {}
